
Microsoft Visual Studio Solution File, Format Version 12.00
# Visual Studio 2013
VisualStudioVersion = 12.0.20827.3
MinimumVisualStudioVersion = 10.0.40219.1
Project("{8BC9CEB8-8B4A-11D0-8D11-00A0C91BC942}") = "Win32Project1", "Win32Project1\Win32Project1.vcxproj", "{213C78A3-FE49-4B1B-9FED-0A205EC9BBBB}"
EndProject
Global
	GlobalSection(SolutionConfigurationPlatforms) = preSolution
		Debug|Win32 = Debug|Win32
		Release|Win32 = Release|Win32
	EndGlobalSection
	GlobalSection(ProjectConfigurationPlatforms) = postSolution
		{213C78A3-FE49-4B1B-9FED-0A205EC9BBBB}.Debug|Win32.ActiveCfg = Debug|Win32
		{213C78A3-FE49-4B1B-9FED-0A205EC9BBBB}.Debug|Win32.Build.0 = Debug|Win32
		{213C78A3-FE49-4B1B-9FED-0A205EC9BBBB}.Release|Win32.ActiveCfg = Release|Win32
		{213C78A3-FE49-4B1B-9FED-0A205EC9BBBB}.Release|Win32.Build.0 = Release|Win32
	EndGlobalSection
	GlobalSection(SolutionProperties) = preSolution
		HideSolutionNode = FALSE
	EndGlobalSection
EndGlobal
